// !$*UTF8*$!
{
	archiveVersion = 1;
	classes = {
	};
	objectVersion = 56;
	objects = {

/* Begin PBXBuildFile section */
		CE7E91222B580A0F00F54132 /* LastViewController.swift in Sources */ = {isa = PBXBuildFile; fileRef = CE7E91212B580A0F00F54132 /* LastViewController.swift */; };
		CE7E91252B581EE500F54132 /* MakerView.swift in Sources */ = {isa = PBXBuildFile; fileRef = CE7E91242B581EE500F54132 /* MakerView.swift */; };
		CE7E91272B58763C00F54132 /* ThirdViewController.swift in Sources */ = {isa = PBXBuildFile; fileRef = CE7E91262B58763C00F54132 /* ThirdViewController.swift */; };
		CE94F2A12B52FDA000C5A97B /* AppDelegate.swift in Sources */ = {isa = PBXBuildFile; fileRef = CE94F2A02B52FDA000C5A97B /* AppDelegate.swift */; };
		CE94F2A32B52FDA000C5A97B /* SceneDelegate.swift in Sources */ = {isa = PBXBuildFile; fileRef = CE94F2A22B52FDA000C5A97B /* SceneDelegate.swift */; };
		CE94F2A52B52FDA000C5A97B /* ViewController.swift in Sources */ = {isa = PBXBuildFile; fileRef = CE94F2A42B52FDA000C5A97B /* ViewController.swift */; };
		CE94F2AA2B52FDA100C5A97B /* Assets.xcassets in Resources */ = {isa = PBXBuildFile; fileRef = CE94F2A92B52FDA100C5A97B /* Assets.xcassets */; };
		CE94F2AD2B52FDA100C5A97B /* LaunchScreen.storyboard in Resources */ = {isa = PBXBuildFile; fileRef = CE94F2AB2B52FDA100C5A97B /* LaunchScreen.storyboard */; };
		CE94F2B82B53CC1D00C5A97B /* SecondViewController.swift in Sources */ = {isa = PBXBuildFile; fileRef = CE94F2B72B53CC1D00C5A97B /* SecondViewController.swift */; };
		CE94F2BC2B53D0CF00C5A97B /* Color.swift in Sources */ = {isa = PBXBuildFile; fileRef = CE94F2BB2B53D0CF00C5A97B /* Color.swift */; };
		CE94F2C22B53F40B00C5A97B /* SnapKit in Frameworks */ = {isa = PBXBuildFile; productRef = CE94F2C12B53F40B00C5A97B /* SnapKit */; };
		CEA1A6EC2B5942F300A4A2CB /* FourthViewController.swift in Sources */ = {isa = PBXBuildFile; fileRef = CEA1A6EB2B5942F300A4A2CB /* FourthViewController.swift */; };
/* End PBXBuildFile section */

/* Begin PBXFileReference section */
		CE7E91212B580A0F00F54132 /* LastViewController.swift */ = {isa = PBXFileReference; lastKnownFileType = sourcecode.swift; path = LastViewController.swift; sourceTree = "<group>"; };
		CE7E91242B581EE500F54132 /* MakerView.swift */ = {isa = PBXFileReference; lastKnownFileType = sourcecode.swift; path = MakerView.swift; sourceTree = "<group>"; };
		CE7E91262B58763C00F54132 /* ThirdViewController.swift */ = {isa = PBXFileReference; lastKnownFileType = sourcecode.swift; path = ThirdViewController.swift; sourceTree = "<group>"; };
		CE94F29D2B52FDA000C5A97B /* HW4.1.app */ = {isa = PBXFileReference; explicitFileType = wrapper.application; includeInIndex = 0; path = HW4.1.app; sourceTree = BUILT_PRODUCTS_DIR; };
		CE94F2A02B52FDA000C5A97B /* AppDelegate.swift */ = {isa = PBXFileReference; lastKnownFileType = sourcecode.swift; path = AppDelegate.swift; sourceTree = "<group>"; };
		CE94F2A22B52FDA000C5A97B /* SceneDelegate.swift */ = {isa = PBXFileReference; lastKnownFileType = sourcecode.swift; path = SceneDelegate.swift; sourceTree = "<group>"; };
		CE94F2A42B52FDA000C5A97B /* ViewController.swift */ = {isa = PBXFileReference; lastKnownFileType = sourcecode.swift; path = ViewController.swift; sourceTree = "<group>"; };
		CE94F2A92B52FDA100C5A97B /* Assets.xcassets */ = {isa = PBXFileReference; lastKnownFileType = folder.assetcatalog; path = Assets.xcassets; sourceTree = "<group>"; };
		CE94F2AC2B52FDA100C5A97B /* Base */ = {isa = PBXFileReference; lastKnownFileType = file.storyboard; name = Base; path = Base.lproj/LaunchScreen.storyboard; sourceTree = "<group>"; };
		CE94F2AE2B52FDA100C5A97B /* Info.plist */ = {isa = PBXFileReference; lastKnownFileType = text.plist.xml; path = Info.plist; sourceTree = "<group>"; };
		CE94F2B72B53CC1D00C5A97B /* SecondViewController.swift */ = {isa = PBXFileReference; lastKnownFileType = sourcecode.swift; path = SecondViewController.swift; sourceTree = "<group>"; };
		CE94F2BB2B53D0CF00C5A97B /* Color.swift */ = {isa = PBXFileReference; lastKnownFileType = sourcecode.swift; path = Color.swift; sourceTree = "<group>"; };
		CEA1A6EB2B5942F300A4A2CB /* FourthViewController.swift */ = {isa = PBXFileReference; lastKnownFileType = sourcecode.swift; path = FourthViewController.swift; sourceTree = "<group>"; };
/* End PBXFileReference section */

/* Begin PBXFrameworksBuildPhase section */
		CE94F29A2B52FDA000C5A97B /* Frameworks */ = {
			isa = PBXFrameworksBuildPhase;
			buildActionMask = 2147483647;
			files = (
				CE94F2C22B53F40B00C5A97B /* SnapKit in Frameworks */,
			);
			runOnlyForDeploymentPostprocessing = 0;
		};
/* End PBXFrameworksBuildPhase section */

/* Begin PBXGroup section */
		CE7E91232B581EBD00F54132 /* Helper */ = {
			isa = PBXGroup;
			children = (
				CE7E91242B581EE500F54132 /* MakerView.swift */,
			);
			path = Helper;
			sourceTree = "<group>";
		};
		CE94F2942B52FDA000C5A97B = {
			isa = PBXGroup;
			children = (
				CE94F29F2B52FDA000C5A97B /* HW4.1 */,
				CE94F29E2B52FDA000C5A97B /* Products */,
			);
			sourceTree = "<group>";
		};
		CE94F29E2B52FDA000C5A97B /* Products */ = {
			isa = PBXGroup;
			children = (
				CE94F29D2B52FDA000C5A97B /* HW4.1.app */,
			);
			name = Products;
			sourceTree = "<group>";
		};
		CE94F29F2B52FDA000C5A97B /* HW4.1 */ = {
			isa = PBXGroup;
			children = (
				CE7E91232B581EBD00F54132 /* Helper */,
				CE94F2B62B53CAD900C5A97B /* Resource */,
				CE94F2B52B53CAC200C5A97B /* Common */,
				CE94F2B42B53CA8700C5A97B /* AppDelegate */,
				CE94F2AE2B52FDA100C5A97B /* Info.plist */,
			);
			path = HW4.1;
			sourceTree = "<group>";
		};
		CE94F2B42B53CA8700C5A97B /* AppDelegate */ = {
			isa = PBXGroup;
			children = (
				CE94F2A22B52FDA000C5A97B /* SceneDelegate.swift */,
				CE94F2A02B52FDA000C5A97B /* AppDelegate.swift */,
			);
			path = AppDelegate;
			sourceTree = "<group>";
		};
		CE94F2B52B53CAC200C5A97B /* Common */ = {
			isa = PBXGroup;
			children = (
				CE94F2A42B52FDA000C5A97B /* ViewController.swift */,
				CE94F2B72B53CC1D00C5A97B /* SecondViewController.swift */,
				CE7E91262B58763C00F54132 /* ThirdViewController.swift */,
				CEA1A6EB2B5942F300A4A2CB /* FourthViewController.swift */,
				CE7E91212B580A0F00F54132 /* LastViewController.swift */,
			);
			path = Common;
			sourceTree = "<group>";
		};
		CE94F2B62B53CAD900C5A97B /* Resource */ = {
			isa = PBXGroup;
			children = (
				CE94F2A92B52FDA100C5A97B /* Assets.xcassets */,
				CE94F2AB2B52FDA100C5A97B /* LaunchScreen.storyboard */,
				CE94F2BB2B53D0CF00C5A97B /* Color.swift */,
			);
			path = Resource;
			sourceTree = "<group>";
		};
/* End PBXGroup section */

/* Begin PBXNativeTarget section */
		CE94F29C2B52FDA000C5A97B /* HW4.1 */ = {
			isa = PBXNativeTarget;
			buildConfigurationList = CE94F2B12B52FDA100C5A97B /* Build configuration list for PBXNativeTarget "HW4.1" */;
			buildPhases = (
				CE94F2992B52FDA000C5A97B /* Sources */,
				CE94F29A2B52FDA000C5A97B /* Frameworks */,
				CE94F29B2B52FDA000C5A97B /* Resources */,
			);
			buildRules = (
			);
			dependencies = (
			);
			name = HW4.1;
			packageProductDependencies = (
				CE94F2C12B53F40B00C5A97B /* SnapKit */,
			);
			productName = HW4.1;
			productReference = CE94F29D2B52FDA000C5A97B /* HW4.1.app */;
			productType = "com.apple.product-type.application";
		};
/* End PBXNativeTarget section */

/* Begin PBXProject section */
		CE94F2952B52FDA000C5A97B /* Project object */ = {
			isa = PBXProject;
			attributes = {
				BuildIndependentTargetsInParallel = 1;
				LastSwiftUpdateCheck = 1410;
				LastUpgradeCheck = 1410;
				TargetAttributes = {
					CE94F29C2B52FDA000C5A97B = {
						CreatedOnToolsVersion = 14.1;
					};
				};
			};
			buildConfigurationList = CE94F2982B52FDA000C5A97B /* Build configuration list for PBXProject "HW4.1" */;
			compatibilityVersion = "Xcode 14.0";
			developmentRegion = en;
			hasScannedForEncodings = 0;
			knownRegions = (
				en,
				Base,
			);
			mainGroup = CE94F2942B52FDA000C5A97B;
			packageReferences = (
				CE94F2C02B53F40B00C5A97B /* XCRemoteSwiftPackageReference "SnapKit" */,
			);
			productRefGroup = CE94F29E2B52FDA000C5A97B /* Products */;
			projectDirPath = "";
			projectRoot = "";
			targets = (
				CE94F29C2B52FDA000C5A97B /* HW4.1 */,
			);
		};
/* End PBXProject section */

/* Begin PBXResourcesBuildPhase section */
		CE94F29B2B52FDA000C5A97B /* Resources */ = {
			isa = PBXResourcesBuildPhase;
			buildActionMask = 2147483647;
			files = (
				CE94F2AD2B52FDA100C5A97B /* LaunchScreen.storyboard in Resources */,
				CE94F2AA2B52FDA100C5A97B /* Assets.xcassets in Resources */,
			);
			runOnlyForDeploymentPostprocessing = 0;
		};
/* End PBXResourcesBuildPhase section */

/* Begin PBXSourcesBuildPhase section */
		CE94F2992B52FDA000C5A97B /* Sources */ = {
			isa = PBXSourcesBuildPhase;
			buildActionMask = 2147483647;
			files = (
				CE94F2B82B53CC1D00C5A97B /* SecondViewController.swift in Sources */,
				CE94F2A52B52FDA000C5A97B /* ViewController.swift in Sources */,
				CE94F2A12B52FDA000C5A97B /* AppDelegate.swift in Sources */,
				CEA1A6EC2B5942F300A4A2CB /* FourthViewController.swift in Sources */,
				CE94F2BC2B53D0CF00C5A97B /* Color.swift in Sources */,
				CE7E91222B580A0F00F54132 /* LastViewController.swift in Sources */,
				CE94F2A32B52FDA000C5A97B /* SceneDelegate.swift in Sources */,
				CE7E91272B58763C00F54132 /* ThirdViewController.swift in Sources */,
				CE7E91252B581EE500F54132 /* MakerView.swift in Sources */,
			);
			runOnlyForDeploymentPostprocessing = 0;
		};
/* End PBXSourcesBuildPhase section */

/* Begin PBXVariantGroup section */
		CE94F2AB2B52FDA100C5A97B /* LaunchScreen.storyboard */ = {
			isa = PBXVariantGroup;
			children = (
				CE94F2AC2B52FDA100C5A97B /* Base */,
			);
			name = LaunchScreen.storyboard;
			sourceTree = "<group>";
		};
/* End PBXVariantGroup section */

/* Begin XCBuildConfiguration section */
		CE94F2AF2B52FDA100C5A97B /* Debug */ = {
			isa = XCBuildConfiguration;
			buildSettings = {
				ALWAYS_SEARCH_USER_PATHS = NO;
				CLANG_ANALYZER_NONNULL = YES;
				CLANG_ANALYZER_NUMBER_OBJECT_CONVERSION = YES_AGGRESSIVE;
				CLANG_CXX_LANGUAGE_STANDARD = "gnu++20";
				CLANG_ENABLE_MODULES = YES;
				CLANG_ENABLE_OBJC_ARC = YES;
				CLANG_ENABLE_OBJC_WEAK = YES;
				CLANG_WARN_BLOCK_CAPTURE_AUTORELEASING = YES;
				CLANG_WARN_BOOL_CONVERSION = YES;
				CLANG_WARN_COMMA = YES;
				CLANG_WARN_CONSTANT_CONVERSION = YES;
				CLANG_WARN_DEPRECATED_OBJC_IMPLEMENTATIONS = YES;
				CLANG_WARN_DIRECT_OBJC_ISA_USAGE = YES_ERROR;
				CLANG_WARN_DOCUMENTATION_COMMENTS = YES;
				CLANG_WARN_EMPTY_BODY = YES;
				CLANG_WARN_ENUM_CONVERSION = YES;
				CLANG_WARN_INFINITE_RECURSION = YES;
				CLANG_WARN_INT_CONVERSION = YES;
				CLANG_WARN_NON_LITERAL_NULL_CONVERSION = YES;
				CLANG_WARN_OBJC_IMPLICIT_RETAIN_SELF = YES;
				CLANG_WARN_OBJC_LITERAL_CONVERSION = YES;
				CLANG_WARN_OBJC_ROOT_CLASS = YES_ERROR;
				CLANG_WARN_QUOTED_INCLUDE_IN_FRAMEWORK_HEADER = YES;
				CLANG_WARN_RANGE_LOOP_ANALYSIS = YES;
				CLANG_WARN_STRICT_PROTOTYPES = YES;
				CLANG_WARN_SUSPICIOUS_MOVE = YES;
				CLANG_WARN_UNGUARDED_AVAILABILITY = YES_AGGRESSIVE;
				CLANG_WARN_UNREACHABLE_CODE = YES;
				CLANG_WARN__DUPLICATE_METHOD_MATCH = YES;
				COPY_PHASE_STRIP = NO;
				DEBUG_INFORMATION_FORMAT = dwarf;
				ENABLE_STRICT_OBJC_MSGSEND = YES;
				ENABLE_TESTABILITY = YES;
				GCC_C_LANGUAGE_STANDARD = gnu11;
				GCC_DYNAMIC_NO_PIC = NO;
				GCC_NO_COMMON_BLOCKS = YES;
				GCC_OPTIMIZATION_LEVEL = 0;
				GCC_PREPROCESSOR_DEFINITIONS = (
					"DEBUG=1",
					"$(inherited)",
				);
				GCC_WARN_64_TO_32_BIT_CONVERSION = YES;
				GCC_WARN_ABOUT_RETURN_TYPE = YES_ERROR;
				GCC_WARN_UNDECLARED_SELECTOR = YES;
				GCC_WARN_UNINITIALIZED_AUTOS = YES_AGGRESSIVE;
				GCC_WARN_UNUSED_FUNCTION = YES;
				GCC_WARN_UNUSED_VARIABLE = YES;
				IPHONEOS_DEPLOYMENT_TARGET = 16.1;
				MTL_ENABLE_DEBUG_INFO = INCLUDE_SOURCE;
				MTL_FAST_MATH = YES;
				ONLY_ACTIVE_ARCH = YES;
				SDKROOT = iphoneos;
				SWIFT_ACTIVE_COMPILATION_CONDITIONS = DEBUG;
				SWIFT_OPTIMIZATION_LEVEL = "-Onone";
			};
			name = Debug;
		};
		CE94F2B02B52FDA100C5A97B /* Release */ = {
			isa = XCBuildConfiguration;
			buildSettings = {
				ALWAYS_SEARCH_USER_PATHS = NO;
				CLANG_ANALYZER_NONNULL = YES;
				CLANG_ANALYZER_NUMBER_OBJECT_CONVERSION = YES_AGGRESSIVE;
				CLANG_CXX_LANGUAGE_STANDARD = "gnu++20";
				CLANG_ENABLE_MODULES = YES;
				CLANG_ENABLE_OBJC_ARC = YES;
				CLANG_ENABLE_OBJC_WEAK = YES;
				CLANG_WARN_BLOCK_CAPTURE_AUTORELEASING = YES;
				CLANG_WARN_BOOL_CONVERSION = YES;
				CLANG_WARN_COMMA = YES;
				CLANG_WARN_CONSTANT_CONVERSION = YES;
				CLANG_WARN_DEPRECATED_OBJC_IMPLEMENTATIONS = YES;
				CLANG_WARN_DIRECT_OBJC_ISA_USAGE = YES_ERROR;
				CLANG_WARN_DOCUMENTATION_COMMENTS = YES;
				CLANG_WARN_EMPTY_BODY = YES;
				CLANG_WARN_ENUM_CONVERSION = YES;
				CLANG_WARN_INFINITE_RECURSION = YES;
				CLANG_WARN_INT_CONVERSION = YES;
				CLANG_WARN_NON_LITERAL_NULL_CONVERSION = YES;
				CLANG_WARN_OBJC_IMPLICIT_RETAIN_SELF = YES;
				CLANG_WARN_OBJC_LITERAL_CONVERSION = YES;
				CLANG_WARN_OBJC_ROOT_CLASS = YES_ERROR;
				CLANG_WARN_QUOTED_INCLUDE_IN_FRAMEWORK_HEADER = YES;
				CLANG_WARN_RANGE_LOOP_ANALYSIS = YES;
				CLANG_WARN_STRICT_PROTOTYPES = YES;
				CLANG_WARN_SUSPICIOUS_MOVE = YES;
				CLANG_WARN_UNGUARDED_AVAILABILITY = YES_AGGRESSIVE;
				CLANG_WARN_UNREACHABLE_CODE = YES;
				CLANG_WARN__DUPLICATE_METHOD_MATCH = YES;
				COPY_PHASE_STRIP = NO;
				DEBUG_INFORMATION_FORMAT = "dwarf-with-dsym";
				ENABLE_NS_ASSERTIONS = NO;
				ENABLE_STRICT_OBJC_MSGSEND = YES;
				GCC_C_LANGUAGE_STANDARD = gnu11;
				GCC_NO_COMMON_BLOCKS = YES;
				GCC_WARN_64_TO_32_BIT_CONVERSION = YES;
				GCC_WARN_ABOUT_RETURN_TYPE = YES_ERROR;
				GCC_WARN_UNDECLARED_SELECTOR = YES;
				GCC_WARN_UNINITIALIZED_AUTOS = YES_AGGRESSIVE;
				GCC_WARN_UNUSED_FUNCTION = YES;
				GCC_WARN_UNUSED_VARIABLE = YES;
				IPHONEOS_DEPLOYMENT_TARGET = 16.1;
				MTL_ENABLE_DEBUG_INFO = NO;
				MTL_FAST_MATH = YES;
				SDKROOT = iphoneos;
				SWIFT_COMPILATION_MODE = wholemodule;
				SWIFT_OPTIMIZATION_LEVEL = "-O";
				VALIDATE_PRODUCT = YES;
			};
			name = Release;
		};
		CE94F2B22B52FDA100C5A97B /* Debug */ = {
			isa = XCBuildConfiguration;
			buildSettings = {
				ASSETCATALOG_COMPILER_APPICON_NAME = AppIcon;
				ASSETCATALOG_COMPILER_GLOBAL_ACCENT_COLOR_NAME = AccentColor;
				CODE_SIGN_STYLE = Automatic;
				CURRENT_PROJECT_VERSION = 1;
				GENERATE_INFOPLIST_FILE = YES;
				INFOPLIST_FILE = HW4.1/Info.plist;
				INFOPLIST_KEY_UIApplicationSupportsIndirectInputEvents = YES;
				INFOPLIST_KEY_UILaunchStoryboardName = LaunchScreen;
				INFOPLIST_KEY_UISupportedInterfaceOrientations_iPad = "UIInterfaceOrientationPortrait UIInterfaceOrientationPortraitUpsideDown UIInterfaceOrientationLandscapeLeft UIInterfaceOrientationLandscapeRight";
				INFOPLIST_KEY_UISupportedInterfaceOrientations_iPhone = "UIInterfaceOrientationPortrait UIInterfaceOrientationLandscapeLeft UIInterfaceOrientationLandscapeRight";
				LD_RUNPATH_SEARCH_PATHS = (
					"$(inherited)",
					"@executable_path/Frameworks",
				);
				MARKETING_VERSION = 1.0;
				PRODUCT_BUNDLE_IDENTIFIER = "com.alish.HW4-1";
				PRODUCT_NAME = "$(TARGET_NAME)";
				SWIFT_EMIT_LOC_STRINGS = YES;
				SWIFT_VERSION = 5.0;
				TARGETED_DEVICE_FAMILY = "1,2";
			};
			name = Debug;
		};
		CE94F2B32B52FDA100C5A97B /* Release */ = {
			isa = XCBuildConfiguration;
			buildSettings = {
				ASSETCATALOG_COMPILER_APPICON_NAME = AppIcon;
				ASSETCATALOG_COMPILER_GLOBAL_ACCENT_COLOR_NAME = AccentColor;
				CODE_SIGN_STYLE = Automatic;
				CURRENT_PROJECT_VERSION = 1;
				GENERATE_INFOPLIST_FILE = YES;
				INFOPLIST_FILE = HW4.1/Info.plist;
				INFOPLIST_KEY_UIApplicationSupportsIndirectInputEvents = YES;
				INFOPLIST_KEY_UILaunchStoryboardName = LaunchScreen;
				INFOPLIST_KEY_UISupportedInterfaceOrientations_iPad = "UIInterfaceOrientationPortrait UIInterfaceOrientationPortraitUpsideDown UIInterfaceOrientationLandscapeLeft UIInterfaceOrientationLandscapeRight";
				INFOPLIST_KEY_UISupportedInterfaceOrientations_iPhone = "UIInterfaceOrientationPortrait UIInterfaceOrientationLandscapeLeft UIInterfaceOrientationLandscapeRight";
				LD_RUNPATH_SEARCH_PATHS = (
					"$(inherited)",
					"@executable_path/Frameworks",
				);
				MARKETING_VERSION = 1.0;
				PRODUCT_BUNDLE_IDENTIFIER = "com.alish.HW4-1";
				PRODUCT_NAME = "$(TARGET_NAME)";
				SWIFT_EMIT_LOC_STRINGS = YES;
				SWIFT_VERSION = 5.0;
				TARGETED_DEVICE_FAMILY = "1,2";
			};
			name = Release;
		};
/* End XCBuildConfiguration section */

/* Begin XCConfigurationList section */
		CE94F2982B52FDA000C5A97B /* Build configuration list for PBXProject "HW4.1" */ = {
			isa = XCConfigurationList;
			buildConfigurations = (
				CE94F2AF2B52FDA100C5A97B /* Debug */,
				CE94F2B02B52FDA100C5A97B /* Release */,
			);
			defaultConfigurationIsVisible = 0;
			defaultConfigurationName = Release;
		};
		CE94F2B12B52FDA100C5A97B /* Build configuration list for PBXNativeTarget "HW4.1" */ = {
			isa = XCConfigurationList;
			buildConfigurations = (
				CE94F2B22B52FDA100C5A97B /* Debug */,
				CE94F2B32B52FDA100C5A97B /* Release */,
			);
			defaultConfigurationIsVisible = 0;
			defaultConfigurationName = Release;
		};
/* End XCConfigurationList section */

/* Begin XCRemoteSwiftPackageReference section */
		CE94F2C02B53F40B00C5A97B /* XCRemoteSwiftPackageReference "SnapKit" */ = {
			isa = XCRemoteSwiftPackageReference;
			repositoryURL = "https://github.com/SnapKit/SnapKit.git";
			requirement = {
				kind = upToNextMajorVersion;
				minimumVersion = 5.0.0;
			};
		};
/* End XCRemoteSwiftPackageReference section */

/* Begin XCSwiftPackageProductDependency section */
		CE94F2C12B53F40B00C5A97B /* SnapKit */ = {
			isa = XCSwiftPackageProductDependency;
			package = CE94F2C02B53F40B00C5A97B /* XCRemoteSwiftPackageReference "SnapKit" */;
			productName = SnapKit;
		};
/* End XCSwiftPackageProductDependency section */
	};
	rootObject = CE94F2952B52FDA000C5A97B /* Project object */;
}
